
Microsoft Visual Studio Solution File, Format Version 12.00
# Visual Studio Version 16
VisualStudioVersion = 16.0.30611.23
MinimumVisualStudioVersion = 10.0.40219.1
Project("{FAE04EC0-301F-11D3-BF4B-00C04F79EFBC}") = "App2.UWP", "App2.UWP\App2.UWP.csproj", "{FC7874CB-8D19-49EB-8460-605C4EEC1223}"
EndProject
Project("{FAE04EC0-301F-11D3-BF4B-00C04F79EFBC}") = "App2.Android", "App2.Android\App2.Android.csproj", "{6FB1DE4E-B070-4CCE-AE62-1344DA2C76A2}"
EndProject
Project("{FAE04EC0-301F-11D3-BF4B-00C04F79EFBC}") = "App2.iOS", "App2.iOS\App2.iOS.csproj", "{2EE6CBB2-8AC8-4D72-854E-76E7A28C11DB}"
EndProject
Project("{FAE04EC0-301F-11D3-BF4B-00C04F79EFBC}") = "App2", "App2\App2.csproj", "{6F6B6E42-C6C3-4792-8EB1-EFD844647DB6}"
EndProject
Global
	GlobalSection(SolutionConfigurationPlatforms) = preSolution
		Debug|Any CPU = Debug|Any CPU
		Debug|ARM = Debug|ARM
		Debug|iPhone = Debug|iPhone
		Debug|iPhoneSimulator = Debug|iPhoneSimulator
		Debug|x64 = Debug|x64
		Debug|x86 = Debug|x86
		Release|Any CPU = Release|Any CPU
		Release|ARM = Release|ARM
		Release|iPhone = Release|iPhone
		Release|iPhoneSimulator = Release|iPhoneSimulator
		Release|x64 = Release|x64
		Release|x86 = Release|x86
	EndGlobalSection
	GlobalSection(ProjectConfigurationPlatforms) = postSolution
		{FC7874CB-8D19-49EB-8460-605C4EEC1223}.Debug|Any CPU.ActiveCfg = Debug|x86
		{FC7874CB-8D19-49EB-8460-605C4EEC1223}.Debug|Any CPU.Build.0 = Debug|x86
		{FC7874CB-8D19-49EB-8460-605C4EEC1223}.Debug|Any CPU.Deploy.0 = Debug|x86
		{FC7874CB-8D19-49EB-8460-605C4EEC1223}.Debug|ARM.ActiveCfg = Debug|ARM
		{FC7874CB-8D19-49EB-8460-605C4EEC1223}.Debug|ARM.Build.0 = Debug|ARM
		{FC7874CB-8D19-49EB-8460-605C4EEC1223}.Debug|ARM.Deploy.0 = Debug|ARM
		{FC7874CB-8D19-49EB-8460-605C4EEC1223}.Debug|iPhone.ActiveCfg = Debug|x86
		{FC7874CB-8D19-49EB-8460-605C4EEC1223}.Debug|iPhone.Build.0 = Debug|x86
		{FC7874CB-8D19-49EB-8460-605C4EEC1223}.Debug|iPhone.Deploy.0 = Debug|x86
		{FC7874CB-8D19-49EB-8460-605C4EEC1223}.Debug|iPhoneSimulator.ActiveCfg = Debug|x86
		{FC7874CB-8D19-49EB-8460-605C4EEC1223}.Debug|iPhoneSimulator.Build.0 = Debug|x86
		{FC7874CB-8D19-49EB-8460-605C4EEC1223}.Debug|iPhoneSimulator.Deploy.0 = Debug|x86
		{FC7874CB-8D19-49EB-8460-605C4EEC1223}.Debug|x64.ActiveCfg = Debug|x64
		{FC7874CB-8D19-49EB-8460-605C4EEC1223}.Debug|x64.Build.0 = Debug|x64
		{FC7874CB-8D19-49EB-8460-605C4EEC1223}.Debug|x64.Deploy.0 = Debug|x64
		{FC7874CB-8D19-49EB-8460-605C4EEC1223}.Debug|x86.ActiveCfg = Debug|x86
		{FC7874CB-8D19-49EB-8460-605C4EEC1223}.Debug|x86.Build.0 = Debug|x86
		{FC7874CB-8D19-49EB-8460-605C4EEC1223}.Debug|x86.Deploy.0 = Debug|x86
		{FC7874CB-8D19-49EB-8460-605C4EEC1223}.Release|Any CPU.ActiveCfg = Release|x86
		{FC7874CB-8D19-49EB-8460-605C4EEC1223}.Release|Any CPU.Build.0 = Release|x86
		{FC7874CB-8D19-49EB-8460-605C4EEC1223}.Release|Any CPU.Deploy.0 = Release|x86
		{FC7874CB-8D19-49EB-8460-605C4EEC1223}.Release|ARM.ActiveCfg = Release|ARM
		{FC7874CB-8D19-49EB-8460-605C4EEC1223}.Release|ARM.Build.0 = Release|ARM
		{FC7874CB-8D19-49EB-8460-605C4EEC1223}.Release|ARM.Deploy.0 = Release|ARM
		{FC7874CB-8D19-49EB-8460-605C4EEC1223}.Release|iPhone.ActiveCfg = Release|x86
		{FC7874CB-8D19-49EB-8460-605C4EEC1223}.Release|iPhone.Build.0 = Release|x86
		{FC7874CB-8D19-49EB-8460-605C4EEC1223}.Release|iPhone.Deploy.0 = Release|x86
		{FC7874CB-8D19-49EB-8460-605C4EEC1223}.Release|iPhoneSimulator.ActiveCfg = Release|x86
		{FC7874CB-8D19-49EB-8460-605C4EEC1223}.Release|iPhoneSimulator.Build.0 = Release|x86
		{FC7874CB-8D19-49EB-8460-605C4EEC1223}.Release|iPhoneSimulator.Deploy.0 = Release|x86
		{FC7874CB-8D19-49EB-8460-605C4EEC1223}.Release|x64.ActiveCfg = Release|x64
		{FC7874CB-8D19-49EB-8460-605C4EEC1223}.Release|x64.Build.0 = Release|x64
		{FC7874CB-8D19-49EB-8460-605C4EEC1223}.Release|x64.Deploy.0 = Release|x64
		{FC7874CB-8D19-49EB-8460-605C4EEC1223}.Release|x86.ActiveCfg = Release|x86
		{FC7874CB-8D19-49EB-8460-605C4EEC1223}.Release|x86.Build.0 = Release|x86
		{FC7874CB-8D19-49EB-8460-605C4EEC1223}.Release|x86.Deploy.0 = Release|x86
		{6FB1DE4E-B070-4CCE-AE62-1344DA2C76A2}.Debug|Any CPU.ActiveCfg = Debug|Any CPU
		{6FB1DE4E-B070-4CCE-AE62-1344DA2C76A2}.Debug|Any CPU.Build.0 = Debug|Any CPU
		{6FB1DE4E-B070-4CCE-AE62-1344DA2C76A2}.Debug|Any CPU.Deploy.0 = Debug|Any CPU
		{6FB1DE4E-B070-4CCE-AE62-1344DA2C76A2}.Debug|ARM.ActiveCfg = Debug|Any CPU
		{6FB1DE4E-B070-4CCE-AE62-1344DA2C76A2}.Debug|ARM.Build.0 = Debug|Any CPU
		{6FB1DE4E-B070-4CCE-AE62-1344DA2C76A2}.Debug|ARM.Deploy.0 = Debug|Any CPU
		{6FB1DE4E-B070-4CCE-AE62-1344DA2C76A2}.Debug|iPhone.ActiveCfg = Debug|Any CPU
		{6FB1DE4E-B070-4CCE-AE62-1344DA2C76A2}.Debug|iPhone.Build.0 = Debug|Any CPU
		{6FB1DE4E-B070-4CCE-AE62-1344DA2C76A2}.Debug|iPhone.Deploy.0 = Debug|Any CPU
		{6FB1DE4E-B070-4CCE-AE62-1344DA2C76A2}.Debug|iPhoneSimulator.ActiveCfg = Debug|Any CPU
		{6FB1DE4E-B070-4CCE-AE62-1344DA2C76A2}.Debug|iPhoneSimulator.Build.0 = Debug|Any CPU
		{6FB1DE4E-B070-4CCE-AE62-1344DA2C76A2}.Debug|iPhoneSimulator.Deploy.0 = Debug|Any CPU
		{6FB1DE4E-B070-4CCE-AE62-1344DA2C76A2}.Debug|x64.ActiveCfg = Debug|Any CPU
		{6FB1DE4E-B070-4CCE-AE62-1344DA2C76A2}.Debug|x64.Build.0 = Debug|Any CPU
		{6FB1DE4E-B070-4CCE-AE62-1344DA2C76A2}.Debug|x64.Deploy.0 = Debug|Any CPU
		{6FB1DE4E-B070-4CCE-AE62-1344DA2C76A2}.Debug|x86.ActiveCfg = Debug|Any CPU
		{6FB1DE4E-B070-4CCE-AE62-1344DA2C76A2}.Debug|x86.Build.0 = Debug|Any CPU
		{6FB1DE4E-B070-4CCE-AE62-1344DA2C76A2}.Debug|x86.Deploy.0 = Debug|Any CPU
		{6FB1DE4E-B070-4CCE-AE62-1344DA2C76A2}.Release|Any CPU.ActiveCfg = Release|Any CPU
		{6FB1DE4E-B070-4CCE-AE62-1344DA2C76A2}.Release|Any CPU.Build.0 = Release|Any CPU
		{6FB1DE4E-B070-4CCE-AE62-1344DA2C76A2}.Release|Any CPU.Deploy.0 = Release|Any CPU
		{6FB1DE4E-B070-4CCE-AE62-1344DA2C76A2}.Release|ARM.ActiveCfg = Release|Any CPU
		{6FB1DE4E-B070-4CCE-AE62-1344DA2C76A2}.Release|ARM.Build.0 = Release|Any CPU
		{6FB1DE4E-B070-4CCE-AE62-1344DA2C76A2}.Release|ARM.Deploy.0 = Release|Any CPU
		{6FB1DE4E-B070-4CCE-AE62-1344DA2C76A2}.Release|iPhone.ActiveCfg = Release|Any CPU
		{6FB1DE4E-B070-4CCE-AE62-1344DA2C76A2}.Release|iPhone.Build.0 = Release|Any CPU
		{6FB1DE4E-B070-4CCE-AE62-1344DA2C76A2}.Release|iPhone.Deploy.0 = Release|Any CPU
		{6FB1DE4E-B070-4CCE-AE62-1344DA2C76A2}.Release|iPhoneSimulator.ActiveCfg = Release|Any CPU
		{6FB1DE4E-B070-4CCE-AE62-1344DA2C76A2}.Release|iPhoneSimulator.Build.0 = Release|Any CPU
		{6FB1DE4E-B070-4CCE-AE62-1344DA2C76A2}.Release|iPhoneSimulator.Deploy.0 = Release|Any CPU
		{6FB1DE4E-B070-4CCE-AE62-1344DA2C76A2}.Release|x64.ActiveCfg = Release|Any CPU
		{6FB1DE4E-B070-4CCE-AE62-1344DA2C76A2}.Release|x64.Build.0 = Release|Any CPU
		{6FB1DE4E-B070-4CCE-AE62-1344DA2C76A2}.Release|x64.Deploy.0 = Release|Any CPU
		{6FB1DE4E-B070-4CCE-AE62-1344DA2C76A2}.Release|x86.ActiveCfg = Release|Any CPU
		{6FB1DE4E-B070-4CCE-AE62-1344DA2C76A2}.Release|x86.Build.0 = Release|Any CPU
		{6FB1DE4E-B070-4CCE-AE62-1344DA2C76A2}.Release|x86.Deploy.0 = Release|Any CPU
		{2EE6CBB2-8AC8-4D72-854E-76E7A28C11DB}.Debug|Any CPU.ActiveCfg = Debug|iPhoneSimulator
		{2EE6CBB2-8AC8-4D72-854E-76E7A28C11DB}.Debug|Any CPU.Build.0 = Debug|iPhoneSimulator
		{2EE6CBB2-8AC8-4D72-854E-76E7A28C11DB}.Debug|Any CPU.Deploy.0 = Debug|iPhoneSimulator
		{2EE6CBB2-8AC8-4D72-854E-76E7A28C11DB}.Debug|ARM.ActiveCfg = Debug|iPhone
		{2EE6CBB2-8AC8-4D72-854E-76E7A28C11DB}.Debug|ARM.Build.0 = Debug|iPhone
		{2EE6CBB2-8AC8-4D72-854E-76E7A28C11DB}.Debug|ARM.Deploy.0 = Debug|iPhone
		{2EE6CBB2-8AC8-4D72-854E-76E7A28C11DB}.Debug|iPhone.ActiveCfg = Debug|iPhone
		{2EE6CBB2-8AC8-4D72-854E-76E7A28C11DB}.Debug|iPhone.Build.0 = Debug|iPhone
		{2EE6CBB2-8AC8-4D72-854E-76E7A28C11DB}.Debug|iPhone.Deploy.0 = Debug|iPhone
		{2EE6CBB2-8AC8-4D72-854E-76E7A28C11DB}.Debug|iPhoneSimulator.ActiveCfg = Debug|iPhoneSimulator
		{2EE6CBB2-8AC8-4D72-854E-76E7A28C11DB}.Debug|iPhoneSimulator.Build.0 = Debug|iPhoneSimulator
		{2EE6CBB2-8AC8-4D72-854E-76E7A28C11DB}.Debug|iPhoneSimulator.Deploy.0 = Debug|iPhoneSimulator
		{2EE6CBB2-8AC8-4D72-854E-76E7A28C11DB}.Debug|x64.ActiveCfg = Debug|iPhoneSimulator
		{2EE6CBB2-8AC8-4D72-854E-76E7A28C11DB}.Debug|x64.Build.0 = Debug|iPhoneSimulator
		{2EE6CBB2-8AC8-4D72-854E-76E7A28C11DB}.Debug|x64.Deploy.0 = Debug|iPhoneSimulator
		{2EE6CBB2-8AC8-4D72-854E-76E7A28C11DB}.Debug|x86.ActiveCfg = Debug|iPhoneSimulator
		{2EE6CBB2-8AC8-4D72-854E-76E7A28C11DB}.Debug|x86.Build.0 = Debug|iPhoneSimulator
		{2EE6CBB2-8AC8-4D72-854E-76E7A28C11DB}.Debug|x86.Deploy.0 = Debug|iPhoneSimulator
		{2EE6CBB2-8AC8-4D72-854E-76E7A28C11DB}.Release|Any CPU.ActiveCfg = Release|iPhoneSimulator
		{2EE6CBB2-8AC8-4D72-854E-76E7A28C11DB}.Release|Any CPU.Build.0 = Release|iPhoneSimulator
		{2EE6CBB2-8AC8-4D72-854E-76E7A28C11DB}.Release|Any CPU.Deploy.0 = Release|iPhoneSimulator
		{2EE6CBB2-8AC8-4D72-854E-76E7A28C11DB}.Release|ARM.ActiveCfg = Release|iPhoneSimulator
		{2EE6CBB2-8AC8-4D72-854E-76E7A28C11DB}.Release|ARM.Build.0 = Release|iPhoneSimulator
		{2EE6CBB2-8AC8-4D72-854E-76E7A28C11DB}.Release|ARM.Deploy.0 = Release|iPhoneSimulator
		{2EE6CBB2-8AC8-4D72-854E-76E7A28C11DB}.Release|iPhone.ActiveCfg = Release|iPhone
		{2EE6CBB2-8AC8-4D72-854E-76E7A28C11DB}.Release|iPhone.Build.0 = Release|iPhone
		{2EE6CBB2-8AC8-4D72-854E-76E7A28C11DB}.Release|iPhone.Deploy.0 = Release|iPhone
		{2EE6CBB2-8AC8-4D72-854E-76E7A28C11DB}.Release|iPhoneSimulator.ActiveCfg = Release|iPhoneSimulator
		{2EE6CBB2-8AC8-4D72-854E-76E7A28C11DB}.Release|iPhoneSimulator.Build.0 = Release|iPhoneSimulator
		{2EE6CBB2-8AC8-4D72-854E-76E7A28C11DB}.Release|iPhoneSimulator.Deploy.0 = Release|iPhoneSimulator
		{2EE6CBB2-8AC8-4D72-854E-76E7A28C11DB}.Release|x64.ActiveCfg = Release|iPhoneSimulator
		{2EE6CBB2-8AC8-4D72-854E-76E7A28C11DB}.Release|x64.Build.0 = Release|iPhoneSimulator
		{2EE6CBB2-8AC8-4D72-854E-76E7A28C11DB}.Release|x64.Deploy.0 = Release|iPhoneSimulator
		{2EE6CBB2-8AC8-4D72-854E-76E7A28C11DB}.Release|x86.ActiveCfg = Release|iPhoneSimulator
		{2EE6CBB2-8AC8-4D72-854E-76E7A28C11DB}.Release|x86.Build.0 = Release|iPhoneSimulator
		{2EE6CBB2-8AC8-4D72-854E-76E7A28C11DB}.Release|x86.Deploy.0 = Release|iPhoneSimulator
		{6F6B6E42-C6C3-4792-8EB1-EFD844647DB6}.Debug|Any CPU.ActiveCfg = Debug|Any CPU
		{6F6B6E42-C6C3-4792-8EB1-EFD844647DB6}.Debug|Any CPU.Build.0 = Debug|Any CPU
		{6F6B6E42-C6C3-4792-8EB1-EFD844647DB6}.Debug|Any CPU.Deploy.0 = Debug|Any CPU
		{6F6B6E42-C6C3-4792-8EB1-EFD844647DB6}.Debug|ARM.ActiveCfg = Debug|Any CPU
		{6F6B6E42-C6C3-4792-8EB1-EFD844647DB6}.Debug|ARM.Build.0 = Debug|Any CPU
		{6F6B6E42-C6C3-4792-8EB1-EFD844647DB6}.Debug|ARM.Deploy.0 = Debug|Any CPU
		{6F6B6E42-C6C3-4792-8EB1-EFD844647DB6}.Debug|iPhone.ActiveCfg = Debug|Any CPU
		{6F6B6E42-C6C3-4792-8EB1-EFD844647DB6}.Debug|iPhone.Build.0 = Debug|Any CPU
		{6F6B6E42-C6C3-4792-8EB1-EFD844647DB6}.Debug|iPhone.Deploy.0 = Debug|Any CPU
		{6F6B6E42-C6C3-4792-8EB1-EFD844647DB6}.Debug|iPhoneSimulator.ActiveCfg = Debug|Any CPU
		{6F6B6E42-C6C3-4792-8EB1-EFD844647DB6}.Debug|iPhoneSimulator.Build.0 = Debug|Any CPU
		{6F6B6E42-C6C3-4792-8EB1-EFD844647DB6}.Debug|iPhoneSimulator.Deploy.0 = Debug|Any CPU
		{6F6B6E42-C6C3-4792-8EB1-EFD844647DB6}.Debug|x64.ActiveCfg = Debug|Any CPU
		{6F6B6E42-C6C3-4792-8EB1-EFD844647DB6}.Debug|x64.Build.0 = Debug|Any CPU
		{6F6B6E42-C6C3-4792-8EB1-EFD844647DB6}.Debug|x64.Deploy.0 = Debug|Any CPU
		{6F6B6E42-C6C3-4792-8EB1-EFD844647DB6}.Debug|x86.ActiveCfg = Debug|Any CPU
		{6F6B6E42-C6C3-4792-8EB1-EFD844647DB6}.Debug|x86.Build.0 = Debug|Any CPU
		{6F6B6E42-C6C3-4792-8EB1-EFD844647DB6}.Debug|x86.Deploy.0 = Debug|Any CPU
		{6F6B6E42-C6C3-4792-8EB1-EFD844647DB6}.Release|Any CPU.ActiveCfg = Release|Any CPU
		{6F6B6E42-C6C3-4792-8EB1-EFD844647DB6}.Release|Any CPU.Build.0 = Release|Any CPU
		{6F6B6E42-C6C3-4792-8EB1-EFD844647DB6}.Release|Any CPU.Deploy.0 = Release|Any CPU
		{6F6B6E42-C6C3-4792-8EB1-EFD844647DB6}.Release|ARM.ActiveCfg = Release|Any CPU
		{6F6B6E42-C6C3-4792-8EB1-EFD844647DB6}.Release|ARM.Build.0 = Release|Any CPU
		{6F6B6E42-C6C3-4792-8EB1-EFD844647DB6}.Release|ARM.Deploy.0 = Release|Any CPU
		{6F6B6E42-C6C3-4792-8EB1-EFD844647DB6}.Release|iPhone.ActiveCfg = Release|Any CPU
		{6F6B6E42-C6C3-4792-8EB1-EFD844647DB6}.Release|iPhone.Build.0 = Release|Any CPU
		{6F6B6E42-C6C3-4792-8EB1-EFD844647DB6}.Release|iPhone.Deploy.0 = Release|Any CPU
		{6F6B6E42-C6C3-4792-8EB1-EFD844647DB6}.Release|iPhoneSimulator.ActiveCfg = Release|Any CPU
		{6F6B6E42-C6C3-4792-8EB1-EFD844647DB6}.Release|iPhoneSimulator.Build.0 = Release|Any CPU
		{6F6B6E42-C6C3-4792-8EB1-EFD844647DB6}.Release|iPhoneSimulator.Deploy.0 = Release|Any CPU
		{6F6B6E42-C6C3-4792-8EB1-EFD844647DB6}.Release|x64.ActiveCfg = Release|Any CPU
		{6F6B6E42-C6C3-4792-8EB1-EFD844647DB6}.Release|x64.Build.0 = Release|Any CPU
		{6F6B6E42-C6C3-4792-8EB1-EFD844647DB6}.Release|x64.Deploy.0 = Release|Any CPU
		{6F6B6E42-C6C3-4792-8EB1-EFD844647DB6}.Release|x86.ActiveCfg = Release|Any CPU
		{6F6B6E42-C6C3-4792-8EB1-EFD844647DB6}.Release|x86.Build.0 = Release|Any CPU
		{6F6B6E42-C6C3-4792-8EB1-EFD844647DB6}.Release|x86.Deploy.0 = Release|Any CPU
	EndGlobalSection
	GlobalSection(SolutionProperties) = preSolution
		HideSolutionNode = FALSE
	EndGlobalSection
	GlobalSection(ExtensibilityGlobals) = postSolution
		SolutionGuid = {7689ED67-B8F3-4221-B476-A8F9ED429D1B}
	EndGlobalSection
EndGlobal
